
Microsoft Visual Studio Solution File, Format Version 12.00
# Visual Studio Version 17
VisualStudioVersion = 17.7.34031.279
MinimumVisualStudioVersion = 10.0.40219.1
Project("{9A19103F-16F7-4668-BE54-9A1E7A4F7556}") = "RecipeManager", "Library\RecipeManager\RecipeManager.csproj", "{608F8496-41A0-4D4A-B5C1-593F52E355C7}"
EndProject
Project("{9A19103F-16F7-4668-BE54-9A1E7A4F7556}") = "RecipeManager.Tests", "Library\RecipeManager.Tests\RecipeManager.Tests.csproj", "{E3EBB215-1948-48DC-8D99-B9EA1F165CAF}"
EndProject
Project("{9A19103F-16F7-4668-BE54-9A1E7A4F7556}") = "ListOfFavorites.Tests", "Library\TestProject1\ListOfFavorites.Tests.csproj", "{D10BB321-9A96-4739-BDCE-C92A6085CA93}"
EndProject
Project("{9A19103F-16F7-4668-BE54-9A1E7A4F7556}") = "ListOfRecipes", "Library\ListOfRecipes\ListOfRecipes.csproj", "{F49F229B-498E-4E60-9DA0-60F64BB9D725}"
EndProject
Project("{9A19103F-16F7-4668-BE54-9A1E7A4F7556}") = "ListOfRecipes.Tests", "Library\ListOfRecipes.Tests\ListOfRecipes.Tests.csproj", "{38BCF5E6-72F3-46AC-A2B3-3914A4262FC8}"
EndProject
Project("{9A19103F-16F7-4668-BE54-9A1E7A4F7556}") = "ConsoleManagesRecipes", "Console\ConsoleManagesRecipes\ConsoleManagesRecipes.csproj", "{A236E10E-283C-46C4-AF0B-20927DA94CA7}"
EndProject
Global
	GlobalSection(SolutionConfigurationPlatforms) = preSolution
		Debug|Any CPU = Debug|Any CPU
		Release|Any CPU = Release|Any CPU
	EndGlobalSection
	GlobalSection(ProjectConfigurationPlatforms) = postSolution
		{608F8496-41A0-4D4A-B5C1-593F52E355C7}.Debug|Any CPU.ActiveCfg = Debug|Any CPU
		{608F8496-41A0-4D4A-B5C1-593F52E355C7}.Debug|Any CPU.Build.0 = Debug|Any CPU
		{608F8496-41A0-4D4A-B5C1-593F52E355C7}.Release|Any CPU.ActiveCfg = Release|Any CPU
		{608F8496-41A0-4D4A-B5C1-593F52E355C7}.Release|Any CPU.Build.0 = Release|Any CPU
		{E3EBB215-1948-48DC-8D99-B9EA1F165CAF}.Debug|Any CPU.ActiveCfg = Debug|Any CPU
		{E3EBB215-1948-48DC-8D99-B9EA1F165CAF}.Debug|Any CPU.Build.0 = Debug|Any CPU
		{E3EBB215-1948-48DC-8D99-B9EA1F165CAF}.Release|Any CPU.ActiveCfg = Release|Any CPU
		{E3EBB215-1948-48DC-8D99-B9EA1F165CAF}.Release|Any CPU.Build.0 = Release|Any CPU
		{D10BB321-9A96-4739-BDCE-C92A6085CA93}.Debug|Any CPU.ActiveCfg = Debug|Any CPU
		{D10BB321-9A96-4739-BDCE-C92A6085CA93}.Debug|Any CPU.Build.0 = Debug|Any CPU
		{D10BB321-9A96-4739-BDCE-C92A6085CA93}.Release|Any CPU.ActiveCfg = Release|Any CPU
		{D10BB321-9A96-4739-BDCE-C92A6085CA93}.Release|Any CPU.Build.0 = Release|Any CPU
		{F49F229B-498E-4E60-9DA0-60F64BB9D725}.Debug|Any CPU.ActiveCfg = Debug|Any CPU
		{F49F229B-498E-4E60-9DA0-60F64BB9D725}.Debug|Any CPU.Build.0 = Debug|Any CPU
		{F49F229B-498E-4E60-9DA0-60F64BB9D725}.Release|Any CPU.ActiveCfg = Release|Any CPU
		{F49F229B-498E-4E60-9DA0-60F64BB9D725}.Release|Any CPU.Build.0 = Release|Any CPU
		{38BCF5E6-72F3-46AC-A2B3-3914A4262FC8}.Debug|Any CPU.ActiveCfg = Debug|Any CPU
		{38BCF5E6-72F3-46AC-A2B3-3914A4262FC8}.Debug|Any CPU.Build.0 = Debug|Any CPU
		{38BCF5E6-72F3-46AC-A2B3-3914A4262FC8}.Release|Any CPU.ActiveCfg = Release|Any CPU
		{38BCF5E6-72F3-46AC-A2B3-3914A4262FC8}.Release|Any CPU.Build.0 = Release|Any CPU
		{A236E10E-283C-46C4-AF0B-20927DA94CA7}.Debug|Any CPU.ActiveCfg = Debug|Any CPU
		{A236E10E-283C-46C4-AF0B-20927DA94CA7}.Debug|Any CPU.Build.0 = Debug|Any CPU
		{A236E10E-283C-46C4-AF0B-20927DA94CA7}.Release|Any CPU.ActiveCfg = Release|Any CPU
		{A236E10E-283C-46C4-AF0B-20927DA94CA7}.Release|Any CPU.Build.0 = Release|Any CPU
		{CE4AB593-29B2-4886-B1F0-993A7BDA7E59}.Debug|Any CPU.ActiveCfg = Debug|Any CPU
		{CE4AB593-29B2-4886-B1F0-993A7BDA7E59}.Debug|Any CPU.Build.0 = Debug|Any CPU
		{CE4AB593-29B2-4886-B1F0-993A7BDA7E59}.Release|Any CPU.ActiveCfg = Release|Any CPU
		{CE4AB593-29B2-4886-B1F0-993A7BDA7E59}.Release|Any CPU.Build.0 = Release|Any CPU
	EndGlobalSection
	GlobalSection(SolutionProperties) = preSolution
		HideSolutionNode = FALSE
	EndGlobalSection
	GlobalSection(ExtensibilityGlobals) = postSolution
		SolutionGuid = {B98CE588-36DB-42C8-B341-AC67665C858E}
	EndGlobalSection
EndGlobal
